
Microsoft Visual Studio Solution File, Format Version 12.00
# Visual Studio 15
VisualStudioVersion = 15.0.28307.438
MinimumVisualStudioVersion = 10.0.40219.1
Project("{9A19103F-16F7-4668-BE54-9A1E7A4F7556}") = "GeekBurger.LabelLoader", "GeekBurger.LabelLoader\GeekBurger.LabelLoader.csproj", "{2F1DCD35-29EE-4877-8287-BC39F6B177A5}"
EndProject
Project("{9A19103F-16F7-4668-BE54-9A1E7A4F7556}") = "GeekBurger.LabelLoader.Web", "GeekBurger.LabelLoader.Web\GeekBurger.LabelLoader.Web.csproj", "{0CEFF47E-DF4F-42D0-BFA2-90ED036A2406}"
EndProject
Global
	GlobalSection(SolutionConfigurationPlatforms) = preSolution
		Debug|Any CPU = Debug|Any CPU
		Release|Any CPU = Release|Any CPU
	EndGlobalSection
	GlobalSection(ProjectConfigurationPlatforms) = postSolution
		{2F1DCD35-29EE-4877-8287-BC39F6B177A5}.Debug|Any CPU.ActiveCfg = Debug|Any CPU
		{2F1DCD35-29EE-4877-8287-BC39F6B177A5}.Debug|Any CPU.Build.0 = Debug|Any CPU
		{2F1DCD35-29EE-4877-8287-BC39F6B177A5}.Release|Any CPU.ActiveCfg = Release|Any CPU
		{2F1DCD35-29EE-4877-8287-BC39F6B177A5}.Release|Any CPU.Build.0 = Release|Any CPU
		{0CEFF47E-DF4F-42D0-BFA2-90ED036A2406}.Debug|Any CPU.ActiveCfg = Debug|Any CPU
		{0CEFF47E-DF4F-42D0-BFA2-90ED036A2406}.Debug|Any CPU.Build.0 = Debug|Any CPU
		{0CEFF47E-DF4F-42D0-BFA2-90ED036A2406}.Release|Any CPU.ActiveCfg = Release|Any CPU
		{0CEFF47E-DF4F-42D0-BFA2-90ED036A2406}.Release|Any CPU.Build.0 = Release|Any CPU
	EndGlobalSection
	GlobalSection(SolutionProperties) = preSolution
		HideSolutionNode = FALSE
	EndGlobalSection
	GlobalSection(ExtensibilityGlobals) = postSolution
		SolutionGuid = {58001251-0EF5-444A-A8D2-9B094852D0E5}
	EndGlobalSection
EndGlobal
